
Microsoft Visual Studio Solution File, Format Version 12.00
# Visual Studio Version 16
VisualStudioVersion = 16.0.29613.14
MinimumVisualStudioVersion = 10.0.40219.1
Project("{9A19103F-16F7-4668-BE54-9A1E7A4F7556}") = "Werewolf", "Werewolf\Werewolf.csproj", "{CDA14939-0881-4014-84A2-C4E5879E1E9D}"
EndProject
Project("{9A19103F-16F7-4668-BE54-9A1E7A4F7556}") = "Werewolf.Models", "Werewolf.Models\Werewolf.Models.csproj", "{70207576-ACA3-400B-AADB-FA7C8DF9A0FA}"
EndProject
Project("{9A19103F-16F7-4668-BE54-9A1E7A4F7556}") = "Werewolf.DataAccess", "Werewolf.DataAccess\Werewolf.DataAccess.csproj", "{7AC1BA74-652A-497B-8D92-2B1F81485F12}"
EndProject
Project("{9A19103F-16F7-4668-BE54-9A1E7A4F7556}") = "Werewolf.Utility", "Werewolf.Utility\Werewolf.Utility.csproj", "{D09AE17D-C9CF-46C4-A354-2D116E0A6167}"
EndProject
Project("{FAE04EC0-301F-11D3-BF4B-00C04F79EFBC}") = "Werewolf.GameLogic", "Werewolf.GameLogic\Werewolf.GameLogic.csproj", "{73A3D458-96B0-4217-B3F8-F13328C54E81}"
EndProject
Global
	GlobalSection(SolutionConfigurationPlatforms) = preSolution
		Debug|Any CPU = Debug|Any CPU
		Release|Any CPU = Release|Any CPU
	EndGlobalSection
	GlobalSection(ProjectConfigurationPlatforms) = postSolution
		{CDA14939-0881-4014-84A2-C4E5879E1E9D}.Debug|Any CPU.ActiveCfg = Debug|Any CPU
		{CDA14939-0881-4014-84A2-C4E5879E1E9D}.Debug|Any CPU.Build.0 = Debug|Any CPU
		{CDA14939-0881-4014-84A2-C4E5879E1E9D}.Release|Any CPU.ActiveCfg = Release|Any CPU
		{CDA14939-0881-4014-84A2-C4E5879E1E9D}.Release|Any CPU.Build.0 = Release|Any CPU
		{70207576-ACA3-400B-AADB-FA7C8DF9A0FA}.Debug|Any CPU.ActiveCfg = Debug|Any CPU
		{70207576-ACA3-400B-AADB-FA7C8DF9A0FA}.Debug|Any CPU.Build.0 = Debug|Any CPU
		{70207576-ACA3-400B-AADB-FA7C8DF9A0FA}.Release|Any CPU.ActiveCfg = Release|Any CPU
		{70207576-ACA3-400B-AADB-FA7C8DF9A0FA}.Release|Any CPU.Build.0 = Release|Any CPU
		{7AC1BA74-652A-497B-8D92-2B1F81485F12}.Debug|Any CPU.ActiveCfg = Debug|Any CPU
		{7AC1BA74-652A-497B-8D92-2B1F81485F12}.Debug|Any CPU.Build.0 = Debug|Any CPU
		{7AC1BA74-652A-497B-8D92-2B1F81485F12}.Release|Any CPU.ActiveCfg = Release|Any CPU
		{7AC1BA74-652A-497B-8D92-2B1F81485F12}.Release|Any CPU.Build.0 = Release|Any CPU
		{D09AE17D-C9CF-46C4-A354-2D116E0A6167}.Debug|Any CPU.ActiveCfg = Debug|Any CPU
		{D09AE17D-C9CF-46C4-A354-2D116E0A6167}.Debug|Any CPU.Build.0 = Debug|Any CPU
		{D09AE17D-C9CF-46C4-A354-2D116E0A6167}.Release|Any CPU.ActiveCfg = Release|Any CPU
		{D09AE17D-C9CF-46C4-A354-2D116E0A6167}.Release|Any CPU.Build.0 = Release|Any CPU
		{73A3D458-96B0-4217-B3F8-F13328C54E81}.Debug|Any CPU.ActiveCfg = Debug|Any CPU
		{73A3D458-96B0-4217-B3F8-F13328C54E81}.Debug|Any CPU.Build.0 = Debug|Any CPU
		{73A3D458-96B0-4217-B3F8-F13328C54E81}.Release|Any CPU.ActiveCfg = Release|Any CPU
		{73A3D458-96B0-4217-B3F8-F13328C54E81}.Release|Any CPU.Build.0 = Release|Any CPU
	EndGlobalSection
	GlobalSection(SolutionProperties) = preSolution
		HideSolutionNode = FALSE
	EndGlobalSection
	GlobalSection(ExtensibilityGlobals) = postSolution
		SolutionGuid = {4FDC7835-6FC3-4C4C-A858-BFFD1BC6C420}
	EndGlobalSection
EndGlobal
