
Microsoft Visual Studio Solution File, Format Version 12.00
# Visual Studio Version 16
VisualStudioVersion = 16.0.29613.14
MinimumVisualStudioVersion = 10.0.40219.1
Project("{FAE04EC0-301F-11D3-BF4B-00C04F79EFBC}") = "Werewolf", "Werewolf\Werewolf.csproj", "{CDA14939-0881-4014-84A2-C4E5879E1E9D}"
EndProject
Global
	GlobalSection(SolutionConfigurationPlatforms) = preSolution
		Debug|Any CPU = Debug|Any CPU
		Release|Any CPU = Release|Any CPU
	EndGlobalSection
	GlobalSection(ProjectConfigurationPlatforms) = postSolution
		{CDA14939-0881-4014-84A2-C4E5879E1E9D}.Debug|Any CPU.ActiveCfg = Debug|Any CPU
		{CDA14939-0881-4014-84A2-C4E5879E1E9D}.Debug|Any CPU.Build.0 = Debug|Any CPU
		{CDA14939-0881-4014-84A2-C4E5879E1E9D}.Release|Any CPU.ActiveCfg = Release|Any CPU
		{CDA14939-0881-4014-84A2-C4E5879E1E9D}.Release|Any CPU.Build.0 = Release|Any CPU
	EndGlobalSection
	GlobalSection(SolutionProperties) = preSolution
		HideSolutionNode = FALSE
	EndGlobalSection
	GlobalSection(ExtensibilityGlobals) = postSolution
		SolutionGuid = {4FDC7835-6FC3-4C4C-A858-BFFD1BC6C420}
	EndGlobalSection
EndGlobal
